
Microsoft Visual Studio Solution File, Format Version 12.00
# Visual Studio Version 16
VisualStudioVersion = 16.0.29009.5
MinimumVisualStudioVersion = 10.0.40219.1
Project("{FAE04EC0-301F-11D3-BF4B-00C04F79EFBC}") = "ContosoUniversity", "ContosoUniversity\ContosoUniversity.csproj", "{9883C5B5-773A-481E-AB74-859F6B4EAF8D}"
EndProject
Global
	GlobalSection(SolutionConfigurationPlatforms) = preSolution
		Debug|Any CPU = Debug|Any CPU
		Release|Any CPU = Release|Any CPU
	EndGlobalSection
	GlobalSection(ProjectConfigurationPlatforms) = postSolution
		{9883C5B5-773A-481E-AB74-859F6B4EAF8D}.Debug|Any CPU.ActiveCfg = Debug|Any CPU
		{9883C5B5-773A-481E-AB74-859F6B4EAF8D}.Debug|Any CPU.Build.0 = Debug|Any CPU
		{9883C5B5-773A-481E-AB74-859F6B4EAF8D}.Release|Any CPU.ActiveCfg = Release|Any CPU
		{9883C5B5-773A-481E-AB74-859F6B4EAF8D}.Release|Any CPU.Build.0 = Release|Any CPU
	EndGlobalSection
	GlobalSection(SolutionProperties) = preSolution
		HideSolutionNode = FALSE
	EndGlobalSection
	GlobalSection(ExtensibilityGlobals) = postSolution
		SolutionGuid = {3BB72849-8A47-4149-9EFB-7AD42A72F0F0}
	EndGlobalSection
EndGlobal
